// !$*UTF8*$!
{
	archiveVersion = 1;
	classes = {
	};
	objectVersion = 56;
	objects = {

/* Begin PBXBuildFile section */
		CF60ACF52BF9257D0032695C /* apple_frameworksApp.swift in Sources */ = {isa = PBXBuildFile; fileRef = CF60ACF42BF9257D0032695C /* apple_frameworksApp.swift */; };
		CF60ACF92BF9257E0032695C /* Assets.xcassets in Resources */ = {isa = PBXBuildFile; fileRef = CF60ACF82BF9257E0032695C /* Assets.xcassets */; };
		CF60ACFC2BF9257E0032695C /* Preview Assets.xcassets in Resources */ = {isa = PBXBuildFile; fileRef = CF60ACFB2BF9257E0032695C /* Preview Assets.xcassets */; };
		CF60AD062BF9257E0032695C /* apple_frameworksTests.swift in Sources */ = {isa = PBXBuildFile; fileRef = CF60AD052BF9257E0032695C /* apple_frameworksTests.swift */; };
		CF60AD102BF9257E0032695C /* apple_frameworksUITests.swift in Sources */ = {isa = PBXBuildFile; fileRef = CF60AD0F2BF9257E0032695C /* apple_frameworksUITests.swift */; };
		CF60AD122BF9257E0032695C /* apple_frameworksUITestsLaunchTests.swift in Sources */ = {isa = PBXBuildFile; fileRef = CF60AD112BF9257E0032695C /* apple_frameworksUITestsLaunchTests.swift */; };
		CF60AD1F2BF925BF0032695C /* Framework.swift in Sources */ = {isa = PBXBuildFile; fileRef = CF60AD1E2BF925BF0032695C /* Framework.swift */; };
		CF60AD232BF926D00032695C /* FrameworkGridView.swift in Sources */ = {isa = PBXBuildFile; fileRef = CF60AD222BF926D00032695C /* FrameworkGridView.swift */; };
		CF60AD252BF931820032695C /* FrameworkDetailView.swift in Sources */ = {isa = PBXBuildFile; fileRef = CF60AD242BF931820032695C /* FrameworkDetailView.swift */; };
		CF60AD292BF9363B0032695C /* FrameworkGridViewModel.swift in Sources */ = {isa = PBXBuildFile; fileRef = CF60AD282BF9363B0032695C /* FrameworkGridViewModel.swift */; };
		CF7EE2952C0CAECD008A61C4 /* SafariView.swift in Sources */ = {isa = PBXBuildFile; fileRef = CF7EE2942C0CAECD008A61C4 /* SafariView.swift */; };
		CF7EE2972C0CFC24008A61C4 /* FrameworkTitleView.swift in Sources */ = {isa = PBXBuildFile; fileRef = CF7EE2962C0CFC24008A61C4 /* FrameworkTitleView.swift */; };
		CFA8C3B52C0D0C17008BB5FD /* FrameworkListView.swift in Sources */ = {isa = PBXBuildFile; fileRef = CFA8C3B42C0D0C17008BB5FD /* FrameworkListView.swift */; };
		CFA8C3B82C0D0C75008BB5FD /* FrameworkView.swift in Sources */ = {isa = PBXBuildFile; fileRef = CFA8C3B72C0D0C75008BB5FD /* FrameworkView.swift */; };
		CFA8C3BA2C0D1188008BB5FD /* FloatingActionButton.swift in Sources */ = {isa = PBXBuildFile; fileRef = CFA8C3B92C0D1188008BB5FD /* FloatingActionButton.swift */; };
		CFA8C3BC2C0D1FED008BB5FD /* README.md in Resources */ = {isa = PBXBuildFile; fileRef = CFA8C3BB2C0D1FED008BB5FD /* README.md */; };
/* End PBXBuildFile section */

/* Begin PBXContainerItemProxy section */
		CF60AD022BF9257E0032695C /* PBXContainerItemProxy */ = {
			isa = PBXContainerItemProxy;
			containerPortal = CF60ACE92BF9257D0032695C /* Project object */;
			proxyType = 1;
			remoteGlobalIDString = CF60ACF02BF9257D0032695C;
			remoteInfo = "apple-frameworks";
		};
		CF60AD0C2BF9257E0032695C /* PBXContainerItemProxy */ = {
			isa = PBXContainerItemProxy;
			containerPortal = CF60ACE92BF9257D0032695C /* Project object */;
			proxyType = 1;
			remoteGlobalIDString = CF60ACF02BF9257D0032695C;
			remoteInfo = "apple-frameworks";
		};
/* End PBXContainerItemProxy section */

/* Begin PBXFileReference section */
		CF60ACF12BF9257D0032695C /* apple-frameworks.app */ = {isa = PBXFileReference; explicitFileType = wrapper.application; includeInIndex = 0; path = "apple-frameworks.app"; sourceTree = BUILT_PRODUCTS_DIR; };
		CF60ACF42BF9257D0032695C /* apple_frameworksApp.swift */ = {isa = PBXFileReference; lastKnownFileType = sourcecode.swift; path = apple_frameworksApp.swift; sourceTree = "<group>"; };
		CF60ACF82BF9257E0032695C /* Assets.xcassets */ = {isa = PBXFileReference; lastKnownFileType = folder.assetcatalog; path = Assets.xcassets; sourceTree = "<group>"; };
		CF60ACFB2BF9257E0032695C /* Preview Assets.xcassets */ = {isa = PBXFileReference; lastKnownFileType = folder.assetcatalog; path = "Preview Assets.xcassets"; sourceTree = "<group>"; };
		CF60AD012BF9257E0032695C /* apple-frameworksTests.xctest */ = {isa = PBXFileReference; explicitFileType = wrapper.cfbundle; includeInIndex = 0; path = "apple-frameworksTests.xctest"; sourceTree = BUILT_PRODUCTS_DIR; };
		CF60AD052BF9257E0032695C /* apple_frameworksTests.swift */ = {isa = PBXFileReference; lastKnownFileType = sourcecode.swift; path = apple_frameworksTests.swift; sourceTree = "<group>"; };
		CF60AD0B2BF9257E0032695C /* apple-frameworksUITests.xctest */ = {isa = PBXFileReference; explicitFileType = wrapper.cfbundle; includeInIndex = 0; path = "apple-frameworksUITests.xctest"; sourceTree = BUILT_PRODUCTS_DIR; };
		CF60AD0F2BF9257E0032695C /* apple_frameworksUITests.swift */ = {isa = PBXFileReference; lastKnownFileType = sourcecode.swift; path = apple_frameworksUITests.swift; sourceTree = "<group>"; };
		CF60AD112BF9257E0032695C /* apple_frameworksUITestsLaunchTests.swift */ = {isa = PBXFileReference; lastKnownFileType = sourcecode.swift; path = apple_frameworksUITestsLaunchTests.swift; sourceTree = "<group>"; };
		CF60AD1E2BF925BF0032695C /* Framework.swift */ = {isa = PBXFileReference; lastKnownFileType = sourcecode.swift; path = Framework.swift; sourceTree = "<group>"; };
		CF60AD222BF926D00032695C /* FrameworkGridView.swift */ = {isa = PBXFileReference; lastKnownFileType = sourcecode.swift; path = FrameworkGridView.swift; sourceTree = "<group>"; };
		CF60AD242BF931820032695C /* FrameworkDetailView.swift */ = {isa = PBXFileReference; lastKnownFileType = sourcecode.swift; path = FrameworkDetailView.swift; sourceTree = "<group>"; };
		CF60AD282BF9363B0032695C /* FrameworkGridViewModel.swift */ = {isa = PBXFileReference; lastKnownFileType = sourcecode.swift; path = FrameworkGridViewModel.swift; sourceTree = "<group>"; };
		CF7EE2942C0CAECD008A61C4 /* SafariView.swift */ = {isa = PBXFileReference; lastKnownFileType = sourcecode.swift; path = SafariView.swift; sourceTree = "<group>"; };
		CF7EE2962C0CFC24008A61C4 /* FrameworkTitleView.swift */ = {isa = PBXFileReference; lastKnownFileType = sourcecode.swift; path = FrameworkTitleView.swift; sourceTree = "<group>"; };
		CFA8C3B42C0D0C17008BB5FD /* FrameworkListView.swift */ = {isa = PBXFileReference; lastKnownFileType = sourcecode.swift; path = FrameworkListView.swift; sourceTree = "<group>"; };
		CFA8C3B72C0D0C75008BB5FD /* FrameworkView.swift */ = {isa = PBXFileReference; lastKnownFileType = sourcecode.swift; path = FrameworkView.swift; sourceTree = "<group>"; };
		CFA8C3B92C0D1188008BB5FD /* FloatingActionButton.swift */ = {isa = PBXFileReference; lastKnownFileType = sourcecode.swift; path = FloatingActionButton.swift; sourceTree = "<group>"; };
		CFA8C3BB2C0D1FED008BB5FD /* README.md */ = {isa = PBXFileReference; lastKnownFileType = net.daringfireball.markdown; path = README.md; sourceTree = "<group>"; };
/* End PBXFileReference section */

/* Begin PBXFrameworksBuildPhase section */
		CF60ACEE2BF9257D0032695C /* Frameworks */ = {
			isa = PBXFrameworksBuildPhase;
			buildActionMask = 2147483647;
			files = (
			);
			runOnlyForDeploymentPostprocessing = 0;
		};
		CF60ACFE2BF9257E0032695C /* Frameworks */ = {
			isa = PBXFrameworksBuildPhase;
			buildActionMask = 2147483647;
			files = (
			);
			runOnlyForDeploymentPostprocessing = 0;
		};
		CF60AD082BF9257E0032695C /* Frameworks */ = {
			isa = PBXFrameworksBuildPhase;
			buildActionMask = 2147483647;
			files = (
			);
			runOnlyForDeploymentPostprocessing = 0;
		};
/* End PBXFrameworksBuildPhase section */

/* Begin PBXGroup section */
		CF60ACE82BF9257D0032695C = {
			isa = PBXGroup;
			children = (
				CFA8C3BB2C0D1FED008BB5FD /* README.md */,
				CF60ACF32BF9257D0032695C /* apple-frameworks */,
				CF60AD042BF9257E0032695C /* apple-frameworksTests */,
				CF60AD0E2BF9257E0032695C /* apple-frameworksUITests */,
				CF60ACF22BF9257D0032695C /* Products */,
			);
			sourceTree = "<group>";
		};
		CF60ACF22BF9257D0032695C /* Products */ = {
			isa = PBXGroup;
			children = (
				CF60ACF12BF9257D0032695C /* apple-frameworks.app */,
				CF60AD012BF9257E0032695C /* apple-frameworksTests.xctest */,
				CF60AD0B2BF9257E0032695C /* apple-frameworksUITests.xctest */,
			);
			name = Products;
			sourceTree = "<group>";
		};
		CF60ACF32BF9257D0032695C /* apple-frameworks */ = {
			isa = PBXGroup;
			children = (
				CF7EE2A12C0CFE3C008A61C4 /* UIKit Components */,
				CF7EE29E2C0CFDF9008A61C4 /* Views */,
				CF7EE29D2C0CFDD9008A61C4 /* Model */,
				CF7EE29A2C0CFD8A008A61C4 /* Screens */,
				CF60ACF42BF9257D0032695C /* apple_frameworksApp.swift */,
				CF60ACF82BF9257E0032695C /* Assets.xcassets */,
				CF60ACFA2BF9257E0032695C /* Preview Content */,
			);
			path = "apple-frameworks";
			sourceTree = "<group>";
		};
		CF60ACFA2BF9257E0032695C /* Preview Content */ = {
			isa = PBXGroup;
			children = (
				CF60ACFB2BF9257E0032695C /* Preview Assets.xcassets */,
			);
			path = "Preview Content";
			sourceTree = "<group>";
		};
		CF60AD042BF9257E0032695C /* apple-frameworksTests */ = {
			isa = PBXGroup;
			children = (
				CF60AD052BF9257E0032695C /* apple_frameworksTests.swift */,
			);
			path = "apple-frameworksTests";
			sourceTree = "<group>";
		};
		CF60AD0E2BF9257E0032695C /* apple-frameworksUITests */ = {
			isa = PBXGroup;
			children = (
				CF60AD0F2BF9257E0032695C /* apple_frameworksUITests.swift */,
				CF60AD112BF9257E0032695C /* apple_frameworksUITestsLaunchTests.swift */,
			);
			path = "apple-frameworksUITests";
			sourceTree = "<group>";
		};
		CF7EE29A2C0CFD8A008A61C4 /* Screens */ = {
			isa = PBXGroup;
			children = (
				CFA8C3B62C0D0C60008BB5FD /* FrameworkView */,
				CFA8C3B32C0D0BFB008BB5FD /* FrameworkListView */,
				CF7EE29B2C0CFD96008A61C4 /* FrameworkGridView */,
				CF7EE29C2C0CFDB8008A61C4 /* FrameworkDetailView */,
			);
			path = Screens;
			sourceTree = "<group>";
		};
		CF7EE29B2C0CFD96008A61C4 /* FrameworkGridView */ = {
			isa = PBXGroup;
			children = (
				CF60AD222BF926D00032695C /* FrameworkGridView.swift */,
				CF60AD282BF9363B0032695C /* FrameworkGridViewModel.swift */,
			);
			path = FrameworkGridView;
			sourceTree = "<group>";
		};
		CF7EE29C2C0CFDB8008A61C4 /* FrameworkDetailView */ = {
			isa = PBXGroup;
			children = (
				CF60AD242BF931820032695C /* FrameworkDetailView.swift */,
			);
			path = FrameworkDetailView;
			sourceTree = "<group>";
		};
		CF7EE29D2C0CFDD9008A61C4 /* Model */ = {
			isa = PBXGroup;
			children = (
				CF60AD1E2BF925BF0032695C /* Framework.swift */,
			);
			path = Model;
			sourceTree = "<group>";
		};
		CF7EE29E2C0CFDF9008A61C4 /* Views */ = {
			isa = PBXGroup;
			children = (
				CF7EE2A02C0CFE29008A61C4 /* View */,
				CF7EE29F2C0CFE03008A61C4 /* Buttons */,
			);
			path = Views;
			sourceTree = "<group>";
		};
		CF7EE29F2C0CFE03008A61C4 /* Buttons */ = {
			isa = PBXGroup;
			children = (
				CFA8C3B92C0D1188008BB5FD /* FloatingActionButton.swift */,
			);
			path = Buttons;
			sourceTree = "<group>";
		};
		CF7EE2A02C0CFE29008A61C4 /* View */ = {
			isa = PBXGroup;
			children = (
				CF7EE2962C0CFC24008A61C4 /* FrameworkTitleView.swift */,
			);
			path = View;
			sourceTree = "<group>";
		};
		CF7EE2A12C0CFE3C008A61C4 /* UIKit Components */ = {
			isa = PBXGroup;
			children = (
				CF7EE2942C0CAECD008A61C4 /* SafariView.swift */,
			);
			path = "UIKit Components";
			sourceTree = "<group>";
		};
		CFA8C3B32C0D0BFB008BB5FD /* FrameworkListView */ = {
			isa = PBXGroup;
			children = (
				CFA8C3B42C0D0C17008BB5FD /* FrameworkListView.swift */,
			);
			path = FrameworkListView;
			sourceTree = "<group>";
		};
		CFA8C3B62C0D0C60008BB5FD /* FrameworkView */ = {
			isa = PBXGroup;
			children = (
				CFA8C3B72C0D0C75008BB5FD /* FrameworkView.swift */,
			);
			path = FrameworkView;
			sourceTree = "<group>";
		};
/* End PBXGroup section */

/* Begin PBXNativeTarget section */
		CF60ACF02BF9257D0032695C /* apple-frameworks */ = {
			isa = PBXNativeTarget;
			buildConfigurationList = CF60AD152BF9257E0032695C /* Build configuration list for PBXNativeTarget "apple-frameworks" */;
			buildPhases = (
				CF60ACED2BF9257D0032695C /* Sources */,
				CF60ACEE2BF9257D0032695C /* Frameworks */,
				CF60ACEF2BF9257D0032695C /* Resources */,
			);
			buildRules = (
			);
			dependencies = (
			);
			name = "apple-frameworks";
			productName = "apple-frameworks";
			productReference = CF60ACF12BF9257D0032695C /* apple-frameworks.app */;
			productType = "com.apple.product-type.application";
		};
		CF60AD002BF9257E0032695C /* apple-frameworksTests */ = {
			isa = PBXNativeTarget;
			buildConfigurationList = CF60AD182BF9257E0032695C /* Build configuration list for PBXNativeTarget "apple-frameworksTests" */;
			buildPhases = (
				CF60ACFD2BF9257E0032695C /* Sources */,
				CF60ACFE2BF9257E0032695C /* Frameworks */,
				CF60ACFF2BF9257E0032695C /* Resources */,
			);
			buildRules = (
			);
			dependencies = (
				CF60AD032BF9257E0032695C /* PBXTargetDependency */,
			);
			name = "apple-frameworksTests";
			productName = "apple-frameworksTests";
			productReference = CF60AD012BF9257E0032695C /* apple-frameworksTests.xctest */;
			productType = "com.apple.product-type.bundle.unit-test";
		};
		CF60AD0A2BF9257E0032695C /* apple-frameworksUITests */ = {
			isa = PBXNativeTarget;
			buildConfigurationList = CF60AD1B2BF9257E0032695C /* Build configuration list for PBXNativeTarget "apple-frameworksUITests" */;
			buildPhases = (
				CF60AD072BF9257E0032695C /* Sources */,
				CF60AD082BF9257E0032695C /* Frameworks */,
				CF60AD092BF9257E0032695C /* Resources */,
			);
			buildRules = (
			);
			dependencies = (
				CF60AD0D2BF9257E0032695C /* PBXTargetDependency */,
			);
			name = "apple-frameworksUITests";
			productName = "apple-frameworksUITests";
			productReference = CF60AD0B2BF9257E0032695C /* apple-frameworksUITests.xctest */;
			productType = "com.apple.product-type.bundle.ui-testing";
		};
/* End PBXNativeTarget section */

/* Begin PBXProject section */
		CF60ACE92BF9257D0032695C /* Project object */ = {
			isa = PBXProject;
			attributes = {
				BuildIndependentTargetsInParallel = 1;
				LastSwiftUpdateCheck = 1540;
				LastUpgradeCheck = 1540;
				TargetAttributes = {
					CF60ACF02BF9257D0032695C = {
						CreatedOnToolsVersion = 15.4;
					};
					CF60AD002BF9257E0032695C = {
						CreatedOnToolsVersion = 15.4;
						TestTargetID = CF60ACF02BF9257D0032695C;
					};
					CF60AD0A2BF9257E0032695C = {
						CreatedOnToolsVersion = 15.4;
						TestTargetID = CF60ACF02BF9257D0032695C;
					};
				};
			};
			buildConfigurationList = CF60ACEC2BF9257D0032695C /* Build configuration list for PBXProject "apple-frameworks" */;
			compatibilityVersion = "Xcode 14.0";
			developmentRegion = en;
			hasScannedForEncodings = 0;
			knownRegions = (
				en,
				Base,
			);
			mainGroup = CF60ACE82BF9257D0032695C;
			productRefGroup = CF60ACF22BF9257D0032695C /* Products */;
			projectDirPath = "";
			projectRoot = "";
			targets = (
				CF60ACF02BF9257D0032695C /* apple-frameworks */,
				CF60AD002BF9257E0032695C /* apple-frameworksTests */,
				CF60AD0A2BF9257E0032695C /* apple-frameworksUITests */,
			);
		};
/* End PBXProject section */

/* Begin PBXResourcesBuildPhase section */
		CF60ACEF2BF9257D0032695C /* Resources */ = {
			isa = PBXResourcesBuildPhase;
			buildActionMask = 2147483647;
			files = (
				CFA8C3BC2C0D1FED008BB5FD /* README.md in Resources */,
				CF60ACFC2BF9257E0032695C /* Preview Assets.xcassets in Resources */,
				CF60ACF92BF9257E0032695C /* Assets.xcassets in Resources */,
			);
			runOnlyForDeploymentPostprocessing = 0;
		};
		CF60ACFF2BF9257E0032695C /* Resources */ = {
			isa = PBXResourcesBuildPhase;
			buildActionMask = 2147483647;
			files = (
			);
			runOnlyForDeploymentPostprocessing = 0;
		};
		CF60AD092BF9257E0032695C /* Resources */ = {
			isa = PBXResourcesBuildPhase;
			buildActionMask = 2147483647;
			files = (
			);
			runOnlyForDeploymentPostprocessing = 0;
		};
/* End PBXResourcesBuildPhase section */

/* Begin PBXSourcesBuildPhase section */
		CF60ACED2BF9257D0032695C /* Sources */ = {
			isa = PBXSourcesBuildPhase;
			buildActionMask = 2147483647;
			files = (
				CFA8C3B82C0D0C75008BB5FD /* FrameworkView.swift in Sources */,
				CF60AD252BF931820032695C /* FrameworkDetailView.swift in Sources */,
				CF60AD232BF926D00032695C /* FrameworkGridView.swift in Sources */,
				CF60AD1F2BF925BF0032695C /* Framework.swift in Sources */,
				CF60ACF52BF9257D0032695C /* apple_frameworksApp.swift in Sources */,
				CFA8C3BA2C0D1188008BB5FD /* FloatingActionButton.swift in Sources */,
				CF60AD292BF9363B0032695C /* FrameworkGridViewModel.swift in Sources */,
				CFA8C3B52C0D0C17008BB5FD /* FrameworkListView.swift in Sources */,
				CF7EE2972C0CFC24008A61C4 /* FrameworkTitleView.swift in Sources */,
				CF7EE2952C0CAECD008A61C4 /* SafariView.swift in Sources */,
			);
			runOnlyForDeploymentPostprocessing = 0;
		};
		CF60ACFD2BF9257E0032695C /* Sources */ = {
			isa = PBXSourcesBuildPhase;
			buildActionMask = 2147483647;
			files = (
				CF60AD062BF9257E0032695C /* apple_frameworksTests.swift in Sources */,
			);
			runOnlyForDeploymentPostprocessing = 0;
		};
		CF60AD072BF9257E0032695C /* Sources */ = {
			isa = PBXSourcesBuildPhase;
			buildActionMask = 2147483647;
			files = (
				CF60AD122BF9257E0032695C /* apple_frameworksUITestsLaunchTests.swift in Sources */,
				CF60AD102BF9257E0032695C /* apple_frameworksUITests.swift in Sources */,
			);
			runOnlyForDeploymentPostprocessing = 0;
		};
/* End PBXSourcesBuildPhase section */

/* Begin PBXTargetDependency section */
		CF60AD032BF9257E0032695C /* PBXTargetDependency */ = {
			isa = PBXTargetDependency;
			target = CF60ACF02BF9257D0032695C /* apple-frameworks */;
			targetProxy = CF60AD022BF9257E0032695C /* PBXContainerItemProxy */;
		};
		CF60AD0D2BF9257E0032695C /* PBXTargetDependency */ = {
			isa = PBXTargetDependency;
			target = CF60ACF02BF9257D0032695C /* apple-frameworks */;
			targetProxy = CF60AD0C2BF9257E0032695C /* PBXContainerItemProxy */;
		};
/* End PBXTargetDependency section */

/* Begin XCBuildConfiguration section */
		CF60AD132BF9257E0032695C /* Debug */ = {
			isa = XCBuildConfiguration;
			buildSettings = {
				ALWAYS_SEARCH_USER_PATHS = NO;
				ASSETCATALOG_COMPILER_GENERATE_SWIFT_ASSET_SYMBOL_EXTENSIONS = YES;
				CLANG_ANALYZER_NONNULL = YES;
				CLANG_ANALYZER_NUMBER_OBJECT_CONVERSION = YES_AGGRESSIVE;
				CLANG_CXX_LANGUAGE_STANDARD = "gnu++20";
				CLANG_ENABLE_MODULES = YES;
				CLANG_ENABLE_OBJC_ARC = YES;
				CLANG_ENABLE_OBJC_WEAK = YES;
				CLANG_WARN_BLOCK_CAPTURE_AUTORELEASING = YES;
				CLANG_WARN_BOOL_CONVERSION = YES;
				CLANG_WARN_COMMA = YES;
				CLANG_WARN_CONSTANT_CONVERSION = YES;
				CLANG_WARN_DEPRECATED_OBJC_IMPLEMENTATIONS = YES;
				CLANG_WARN_DIRECT_OBJC_ISA_USAGE = YES_ERROR;
				CLANG_WARN_DOCUMENTATION_COMMENTS = YES;
				CLANG_WARN_EMPTY_BODY = YES;
				CLANG_WARN_ENUM_CONVERSION = YES;
				CLANG_WARN_INFINITE_RECURSION = YES;
				CLANG_WARN_INT_CONVERSION = YES;
				CLANG_WARN_NON_LITERAL_NULL_CONVERSION = YES;
				CLANG_WARN_OBJC_IMPLICIT_RETAIN_SELF = YES;
				CLANG_WARN_OBJC_LITERAL_CONVERSION = YES;
				CLANG_WARN_OBJC_ROOT_CLASS = YES_ERROR;
				CLANG_WARN_QUOTED_INCLUDE_IN_FRAMEWORK_HEADER = YES;
				CLANG_WARN_RANGE_LOOP_ANALYSIS = YES;
				CLANG_WARN_STRICT_PROTOTYPES = YES;
				CLANG_WARN_SUSPICIOUS_MOVE = YES;
				CLANG_WARN_UNGUARDED_AVAILABILITY = YES_AGGRESSIVE;
				CLANG_WARN_UNREACHABLE_CODE = YES;
				CLANG_WARN__DUPLICATE_METHOD_MATCH = YES;
				COPY_PHASE_STRIP = NO;
				DEBUG_INFORMATION_FORMAT = dwarf;
				ENABLE_STRICT_OBJC_MSGSEND = YES;
				ENABLE_TESTABILITY = YES;
				ENABLE_USER_SCRIPT_SANDBOXING = YES;
				GCC_C_LANGUAGE_STANDARD = gnu17;
				GCC_DYNAMIC_NO_PIC = NO;
				GCC_NO_COMMON_BLOCKS = YES;
				GCC_OPTIMIZATION_LEVEL = 0;
				GCC_PREPROCESSOR_DEFINITIONS = (
					"DEBUG=1",
					"$(inherited)",
				);
				GCC_WARN_64_TO_32_BIT_CONVERSION = YES;
				GCC_WARN_ABOUT_RETURN_TYPE = YES_ERROR;
				GCC_WARN_UNDECLARED_SELECTOR = YES;
				GCC_WARN_UNINITIALIZED_AUTOS = YES_AGGRESSIVE;
				GCC_WARN_UNUSED_FUNCTION = YES;
				GCC_WARN_UNUSED_VARIABLE = YES;
				IPHONEOS_DEPLOYMENT_TARGET = 17.5;
				LOCALIZATION_PREFERS_STRING_CATALOGS = YES;
				MTL_ENABLE_DEBUG_INFO = INCLUDE_SOURCE;
				MTL_FAST_MATH = YES;
				ONLY_ACTIVE_ARCH = YES;
				SDKROOT = iphoneos;
				SWIFT_ACTIVE_COMPILATION_CONDITIONS = "DEBUG $(inherited)";
				SWIFT_OPTIMIZATION_LEVEL = "-Onone";
			};
			name = Debug;
		};
		CF60AD142BF9257E0032695C /* Release */ = {
			isa = XCBuildConfiguration;
			buildSettings = {
				ALWAYS_SEARCH_USER_PATHS = NO;
				ASSETCATALOG_COMPILER_GENERATE_SWIFT_ASSET_SYMBOL_EXTENSIONS = YES;
				CLANG_ANALYZER_NONNULL = YES;
				CLANG_ANALYZER_NUMBER_OBJECT_CONVERSION = YES_AGGRESSIVE;
				CLANG_CXX_LANGUAGE_STANDARD = "gnu++20";
				CLANG_ENABLE_MODULES = YES;
				CLANG_ENABLE_OBJC_ARC = YES;
				CLANG_ENABLE_OBJC_WEAK = YES;
				CLANG_WARN_BLOCK_CAPTURE_AUTORELEASING = YES;
				CLANG_WARN_BOOL_CONVERSION = YES;
				CLANG_WARN_COMMA = YES;
				CLANG_WARN_CONSTANT_CONVERSION = YES;
				CLANG_WARN_DEPRECATED_OBJC_IMPLEMENTATIONS = YES;
				CLANG_WARN_DIRECT_OBJC_ISA_USAGE = YES_ERROR;
				CLANG_WARN_DOCUMENTATION_COMMENTS = YES;
				CLANG_WARN_EMPTY_BODY = YES;
				CLANG_WARN_ENUM_CONVERSION = YES;
				CLANG_WARN_INFINITE_RECURSION = YES;
				CLANG_WARN_INT_CONVERSION = YES;
				CLANG_WARN_NON_LITERAL_NULL_CONVERSION = YES;
				CLANG_WARN_OBJC_IMPLICIT_RETAIN_SELF = YES;
				CLANG_WARN_OBJC_LITERAL_CONVERSION = YES;
				CLANG_WARN_OBJC_ROOT_CLASS = YES_ERROR;
				CLANG_WARN_QUOTED_INCLUDE_IN_FRAMEWORK_HEADER = YES;
				CLANG_WARN_RANGE_LOOP_ANALYSIS = YES;
				CLANG_WARN_STRICT_PROTOTYPES = YES;
				CLANG_WARN_SUSPICIOUS_MOVE = YES;
				CLANG_WARN_UNGUARDED_AVAILABILITY = YES_AGGRESSIVE;
				CLANG_WARN_UNREACHABLE_CODE = YES;
				CLANG_WARN__DUPLICATE_METHOD_MATCH = YES;
				COPY_PHASE_STRIP = NO;
				DEBUG_INFORMATION_FORMAT = "dwarf-with-dsym";
				ENABLE_NS_ASSERTIONS = NO;
				ENABLE_STRICT_OBJC_MSGSEND = YES;
				ENABLE_USER_SCRIPT_SANDBOXING = YES;
				GCC_C_LANGUAGE_STANDARD = gnu17;
				GCC_NO_COMMON_BLOCKS = YES;
				GCC_WARN_64_TO_32_BIT_CONVERSION = YES;
				GCC_WARN_ABOUT_RETURN_TYPE = YES_ERROR;
				GCC_WARN_UNDECLARED_SELECTOR = YES;
				GCC_WARN_UNINITIALIZED_AUTOS = YES_AGGRESSIVE;
				GCC_WARN_UNUSED_FUNCTION = YES;
				GCC_WARN_UNUSED_VARIABLE = YES;
				IPHONEOS_DEPLOYMENT_TARGET = 17.5;
				LOCALIZATION_PREFERS_STRING_CATALOGS = YES;
				MTL_ENABLE_DEBUG_INFO = NO;
				MTL_FAST_MATH = YES;
				SDKROOT = iphoneos;
				SWIFT_COMPILATION_MODE = wholemodule;
				VALIDATE_PRODUCT = YES;
			};
			name = Release;
		};
		CF60AD162BF9257E0032695C /* Debug */ = {
			isa = XCBuildConfiguration;
			buildSettings = {
				ASSETCATALOG_COMPILER_APPICON_NAME = AppIcon;
				ASSETCATALOG_COMPILER_GLOBAL_ACCENT_COLOR_NAME = AccentColor;
				CODE_SIGN_STYLE = Automatic;
				CURRENT_PROJECT_VERSION = 1;
				DEVELOPMENT_ASSET_PATHS = "\"apple-frameworks/Preview Content\"";
				ENABLE_PREVIEWS = YES;
				GENERATE_INFOPLIST_FILE = YES;
				INFOPLIST_KEY_UIApplicationSceneManifest_Generation = YES;
				INFOPLIST_KEY_UIApplicationSupportsIndirectInputEvents = YES;
				INFOPLIST_KEY_UILaunchScreen_Generation = YES;
				INFOPLIST_KEY_UISupportedInterfaceOrientations_iPad = "UIInterfaceOrientationPortrait UIInterfaceOrientationPortraitUpsideDown UIInterfaceOrientationLandscapeLeft UIInterfaceOrientationLandscapeRight";
				INFOPLIST_KEY_UISupportedInterfaceOrientations_iPhone = "UIInterfaceOrientationPortrait UIInterfaceOrientationLandscapeLeft UIInterfaceOrientationLandscapeRight";
				LD_RUNPATH_SEARCH_PATHS = (
					"$(inherited)",
					"@executable_path/Frameworks",
				);
				MARKETING_VERSION = 1.0;
				PRODUCT_BUNDLE_IDENTIFIER = "test.apple-frameworks";
				PRODUCT_NAME = "$(TARGET_NAME)";
				SWIFT_EMIT_LOC_STRINGS = YES;
				SWIFT_VERSION = 5.0;
				TARGETED_DEVICE_FAMILY = "1,2";
			};
			name = Debug;
		};
		CF60AD172BF9257E0032695C /* Release */ = {
			isa = XCBuildConfiguration;
			buildSettings = {
				ASSETCATALOG_COMPILER_APPICON_NAME = AppIcon;
				ASSETCATALOG_COMPILER_GLOBAL_ACCENT_COLOR_NAME = AccentColor;
				CODE_SIGN_STYLE = Automatic;
				CURRENT_PROJECT_VERSION = 1;
				DEVELOPMENT_ASSET_PATHS = "\"apple-frameworks/Preview Content\"";
				ENABLE_PREVIEWS = YES;
				GENERATE_INFOPLIST_FILE = YES;
				INFOPLIST_KEY_UIApplicationSceneManifest_Generation = YES;
				INFOPLIST_KEY_UIApplicationSupportsIndirectInputEvents = YES;
				INFOPLIST_KEY_UILaunchScreen_Generation = YES;
				INFOPLIST_KEY_UISupportedInterfaceOrientations_iPad = "UIInterfaceOrientationPortrait UIInterfaceOrientationPortraitUpsideDown UIInterfaceOrientationLandscapeLeft UIInterfaceOrientationLandscapeRight";
				INFOPLIST_KEY_UISupportedInterfaceOrientations_iPhone = "UIInterfaceOrientationPortrait UIInterfaceOrientationLandscapeLeft UIInterfaceOrientationLandscapeRight";
				LD_RUNPATH_SEARCH_PATHS = (
					"$(inherited)",
					"@executable_path/Frameworks",
				);
				MARKETING_VERSION = 1.0;
				PRODUCT_BUNDLE_IDENTIFIER = "test.apple-frameworks";
				PRODUCT_NAME = "$(TARGET_NAME)";
				SWIFT_EMIT_LOC_STRINGS = YES;
				SWIFT_VERSION = 5.0;
				TARGETED_DEVICE_FAMILY = "1,2";
			};
			name = Release;
		};
		CF60AD192BF9257E0032695C /* Debug */ = {
			isa = XCBuildConfiguration;
			buildSettings = {
				ALWAYS_EMBED_SWIFT_STANDARD_LIBRARIES = YES;
				BUNDLE_LOADER = "$(TEST_HOST)";
				CODE_SIGN_STYLE = Automatic;
				CURRENT_PROJECT_VERSION = 1;
				GENERATE_INFOPLIST_FILE = YES;
				IPHONEOS_DEPLOYMENT_TARGET = 17.5;
				MARKETING_VERSION = 1.0;
				PRODUCT_BUNDLE_IDENTIFIER = "test.apple-frameworksTests";
				PRODUCT_NAME = "$(TARGET_NAME)";
				SWIFT_EMIT_LOC_STRINGS = NO;
				SWIFT_VERSION = 5.0;
				TARGETED_DEVICE_FAMILY = "1,2";
				TEST_HOST = "$(BUILT_PRODUCTS_DIR)/apple-frameworks.app/$(BUNDLE_EXECUTABLE_FOLDER_PATH)/apple-frameworks";
			};
			name = Debug;
		};
		CF60AD1A2BF9257E0032695C /* Release */ = {
			isa = XCBuildConfiguration;
			buildSettings = {
				ALWAYS_EMBED_SWIFT_STANDARD_LIBRARIES = YES;
				BUNDLE_LOADER = "$(TEST_HOST)";
				CODE_SIGN_STYLE = Automatic;
				CURRENT_PROJECT_VERSION = 1;
				GENERATE_INFOPLIST_FILE = YES;
				IPHONEOS_DEPLOYMENT_TARGET = 17.5;
				MARKETING_VERSION = 1.0;
				PRODUCT_BUNDLE_IDENTIFIER = "test.apple-frameworksTests";
				PRODUCT_NAME = "$(TARGET_NAME)";
				SWIFT_EMIT_LOC_STRINGS = NO;
				SWIFT_VERSION = 5.0;
				TARGETED_DEVICE_FAMILY = "1,2";
				TEST_HOST = "$(BUILT_PRODUCTS_DIR)/apple-frameworks.app/$(BUNDLE_EXECUTABLE_FOLDER_PATH)/apple-frameworks";
			};
			name = Release;
		};
		CF60AD1C2BF9257E0032695C /* Debug */ = {
			isa = XCBuildConfiguration;
			buildSettings = {
				ALWAYS_EMBED_SWIFT_STANDARD_LIBRARIES = YES;
				CODE_SIGN_STYLE = Automatic;
				CURRENT_PROJECT_VERSION = 1;
				GENERATE_INFOPLIST_FILE = YES;
				MARKETING_VERSION = 1.0;
				PRODUCT_BUNDLE_IDENTIFIER = "test.apple-frameworksUITests";
				PRODUCT_NAME = "$(TARGET_NAME)";
				SWIFT_EMIT_LOC_STRINGS = NO;
				SWIFT_VERSION = 5.0;
				TARGETED_DEVICE_FAMILY = "1,2";
				TEST_TARGET_NAME = "apple-frameworks";
			};
			name = Debug;
		};
		CF60AD1D2BF9257E0032695C /* Release */ = {
			isa = XCBuildConfiguration;
			buildSettings = {
				ALWAYS_EMBED_SWIFT_STANDARD_LIBRARIES = YES;
				CODE_SIGN_STYLE = Automatic;
				CURRENT_PROJECT_VERSION = 1;
				GENERATE_INFOPLIST_FILE = YES;
				MARKETING_VERSION = 1.0;
				PRODUCT_BUNDLE_IDENTIFIER = "test.apple-frameworksUITests";
				PRODUCT_NAME = "$(TARGET_NAME)";
				SWIFT_EMIT_LOC_STRINGS = NO;
				SWIFT_VERSION = 5.0;
				TARGETED_DEVICE_FAMILY = "1,2";
				TEST_TARGET_NAME = "apple-frameworks";
			};
			name = Release;
		};
/* End XCBuildConfiguration section */

/* Begin XCConfigurationList section */
		CF60ACEC2BF9257D0032695C /* Build configuration list for PBXProject "apple-frameworks" */ = {
			isa = XCConfigurationList;
			buildConfigurations = (
				CF60AD132BF9257E0032695C /* Debug */,
				CF60AD142BF9257E0032695C /* Release */,
			);
			defaultConfigurationIsVisible = 0;
			defaultConfigurationName = Release;
		};
		CF60AD152BF9257E0032695C /* Build configuration list for PBXNativeTarget "apple-frameworks" */ = {
			isa = XCConfigurationList;
			buildConfigurations = (
				CF60AD162BF9257E0032695C /* Debug */,
				CF60AD172BF9257E0032695C /* Release */,
			);
			defaultConfigurationIsVisible = 0;
			defaultConfigurationName = Release;
		};
		CF60AD182BF9257E0032695C /* Build configuration list for PBXNativeTarget "apple-frameworksTests" */ = {
			isa = XCConfigurationList;
			buildConfigurations = (
				CF60AD192BF9257E0032695C /* Debug */,
				CF60AD1A2BF9257E0032695C /* Release */,
			);
			defaultConfigurationIsVisible = 0;
			defaultConfigurationName = Release;
		};
		CF60AD1B2BF9257E0032695C /* Build configuration list for PBXNativeTarget "apple-frameworksUITests" */ = {
			isa = XCConfigurationList;
			buildConfigurations = (
				CF60AD1C2BF9257E0032695C /* Debug */,
				CF60AD1D2BF9257E0032695C /* Release */,
			);
			defaultConfigurationIsVisible = 0;
			defaultConfigurationName = Release;
		};
/* End XCConfigurationList section */
	};
	rootObject = CF60ACE92BF9257D0032695C /* Project object */;
}
